
Microsoft Visual Studio Solution File, Format Version 12.00
# Visual Studio 15
VisualStudioVersion = 15.0.28307.1000
MinimumVisualStudioVersion = 10.0.40219.1
Project("{888888A0-9F3D-457C-B088-3A5042F75D52}") = "Requester", "PythonApplication1\Requester.pyproj", "{A02EEC3F-770D-4BD8-84DC-F8EFC0992FA6}"
EndProject
Global
	GlobalSection(SolutionConfigurationPlatforms) = preSolution
		Debug|Any CPU = Debug|Any CPU
		Release|Any CPU = Release|Any CPU
	EndGlobalSection
	GlobalSection(ProjectConfigurationPlatforms) = postSolution
		{A02EEC3F-770D-4BD8-84DC-F8EFC0992FA6}.Debug|Any CPU.ActiveCfg = Debug|Any CPU
		{A02EEC3F-770D-4BD8-84DC-F8EFC0992FA6}.Release|Any CPU.ActiveCfg = Release|Any CPU
	EndGlobalSection
	GlobalSection(SolutionProperties) = preSolution
		HideSolutionNode = FALSE
	EndGlobalSection
	GlobalSection(ExtensibilityGlobals) = postSolution
		SolutionGuid = {BB14F6E7-45B9-4901-8FBB-DC96BD8AED8D}
	EndGlobalSection
EndGlobal
